// !$*UTF8*$!
{
	archiveVersion = 1;
	classes = {
	};
	objectVersion = 50;
	objects = {

/* Begin PBXBuildFile section */
		F3253BCD24339B8300DBBC5F /* MapView.swift in Sources */ = {isa = PBXBuildFile; fileRef = F3253BCC24339B8300DBBC5F /* MapView.swift */; };
		F32950B02458C2FA00AD8AE1 /* CurrentView.swift in Sources */ = {isa = PBXBuildFile; fileRef = F32950AF2458C2FA00AD8AE1 /* CurrentView.swift */; };
		F32950B22458D1D700AD8AE1 /* WhatIfGradingView.swift in Sources */ = {isa = PBXBuildFile; fileRef = F32950B12458D1D700AD8AE1 /* WhatIfGradingView.swift */; };
		F32950B52458E2E200AD8AE1 /* NavigationBar.swift in Sources */ = {isa = PBXBuildFile; fileRef = F32950B42458E2E200AD8AE1 /* NavigationBar.swift */; };
		F32950B72458E71300AD8AE1 /* CurrentClassList.swift in Sources */ = {isa = PBXBuildFile; fileRef = F32950B62458E71300AD8AE1 /* CurrentClassList.swift */; };
		F32950B92458E73500AD8AE1 /* Classes.swift in Sources */ = {isa = PBXBuildFile; fileRef = F32950B82458E73500AD8AE1 /* Classes.swift */; };
		F32950BB2458E8F000AD8AE1 /* ClassesView.swift in Sources */ = {isa = PBXBuildFile; fileRef = F32950BA2458E8F000AD8AE1 /* ClassesView.swift */; };
		F3314399245A79D500963061 /* CurrentClassesList.swift in Sources */ = {isa = PBXBuildFile; fileRef = F3314398245A79D500963061 /* CurrentClassesList.swift */; };
		F331439B245A86C300963061 /* PreviousClassesList.swift in Sources */ = {isa = PBXBuildFile; fileRef = F331439A245A86C300963061 /* PreviousClassesList.swift */; };
		F331439D245A870700963061 /* ClassesList.swift in Sources */ = {isa = PBXBuildFile; fileRef = F331439C245A870700963061 /* ClassesList.swift */; };
		F340E9DB24330ED6004AD480 /* AppDelegate.swift in Sources */ = {isa = PBXBuildFile; fileRef = F340E9DA24330ED6004AD480 /* AppDelegate.swift */; };
		F340E9DD24330ED6004AD480 /* SceneDelegate.swift in Sources */ = {isa = PBXBuildFile; fileRef = F340E9DC24330ED6004AD480 /* SceneDelegate.swift */; };
		F340E9DF24330ED6004AD480 /* ContentView.swift in Sources */ = {isa = PBXBuildFile; fileRef = F340E9DE24330ED6004AD480 /* ContentView.swift */; };
		F340E9E124330ED7004AD480 /* Assets.xcassets in Resources */ = {isa = PBXBuildFile; fileRef = F340E9E024330ED7004AD480 /* Assets.xcassets */; };
		F340E9E424330ED7004AD480 /* Preview Assets.xcassets in Resources */ = {isa = PBXBuildFile; fileRef = F340E9E324330ED7004AD480 /* Preview Assets.xcassets */; };
		F340E9E724330ED7004AD480 /* LaunchScreen.storyboard in Resources */ = {isa = PBXBuildFile; fileRef = F340E9E524330ED7004AD480 /* LaunchScreen.storyboard */; };
		F340E9F324332BEF004AD480 /* Login.swift in Sources */ = {isa = PBXBuildFile; fileRef = F340E9F224332BEF004AD480 /* Login.swift */; };
		F340E9F524333C0D004AD480 /* WelcomeScreen.swift in Sources */ = {isa = PBXBuildFile; fileRef = F340E9F424333C0D004AD480 /* WelcomeScreen.swift */; };
		F340E9F724333C50004AD480 /* Dashboard.swift in Sources */ = {isa = PBXBuildFile; fileRef = F340E9F624333C50004AD480 /* Dashboard.swift */; };
		F340EA0424337172004AD480 /* DashboardIcon.swift in Sources */ = {isa = PBXBuildFile; fileRef = F340EA0324337172004AD480 /* DashboardIcon.swift */; };
		F36D46E12435F073000F6490 /* AcademicScroll.swift in Sources */ = {isa = PBXBuildFile; fileRef = F36D46E02435F073000F6490 /* AcademicScroll.swift */; };
		F36D46E32435F197000F6490 /* ResourceScroll.swift in Sources */ = {isa = PBXBuildFile; fileRef = F36D46E22435F197000F6490 /* ResourceScroll.swift */; };
		F36D46E52435F249000F6490 /* DashboardScrolls.swift in Sources */ = {isa = PBXBuildFile; fileRef = F36D46E42435F249000F6490 /* DashboardScrolls.swift */; };
		F3CE5A6324463C4200A1967B /* SafariView.swift in Sources */ = {isa = PBXBuildFile; fileRef = F3CE5A6224463C4200A1967B /* SafariView.swift */; };
		F3CE5A652446671D00A1967B /* ContactsView.swift in Sources */ = {isa = PBXBuildFile; fileRef = F3CE5A642446671D00A1967B /* ContactsView.swift */; };
		F3CE5A6C244667A200A1967B /* Contacts.swift in Sources */ = {isa = PBXBuildFile; fileRef = F3CE5A6B244667A200A1967B /* Contacts.swift */; };
		F3CE5A6E244667D100A1967B /* Profile.swift in Sources */ = {isa = PBXBuildFile; fileRef = F3CE5A6D244667D100A1967B /* Profile.swift */; };
/* End PBXBuildFile section */

/* Begin PBXFileReference section */
		F3253BCC24339B8300DBBC5F /* MapView.swift */ = {isa = PBXFileReference; lastKnownFileType = sourcecode.swift; path = MapView.swift; sourceTree = "<group>"; };
		F32950AF2458C2FA00AD8AE1 /* CurrentView.swift */ = {isa = PBXFileReference; lastKnownFileType = sourcecode.swift; path = CurrentView.swift; sourceTree = "<group>"; };
		F32950B12458D1D700AD8AE1 /* WhatIfGradingView.swift */ = {isa = PBXFileReference; lastKnownFileType = sourcecode.swift; path = WhatIfGradingView.swift; sourceTree = "<group>"; };
		F32950B42458E2E200AD8AE1 /* NavigationBar.swift */ = {isa = PBXFileReference; lastKnownFileType = sourcecode.swift; path = NavigationBar.swift; sourceTree = "<group>"; };
		F32950B62458E71300AD8AE1 /* CurrentClassList.swift */ = {isa = PBXFileReference; lastKnownFileType = sourcecode.swift; path = CurrentClassList.swift; sourceTree = "<group>"; };
		F32950B82458E73500AD8AE1 /* Classes.swift */ = {isa = PBXFileReference; lastKnownFileType = sourcecode.swift; path = Classes.swift; sourceTree = "<group>"; };
		F32950BA2458E8F000AD8AE1 /* ClassesView.swift */ = {isa = PBXFileReference; lastKnownFileType = sourcecode.swift; path = ClassesView.swift; sourceTree = "<group>"; };
		F3314398245A79D500963061 /* CurrentClassesList.swift */ = {isa = PBXFileReference; lastKnownFileType = sourcecode.swift; path = CurrentClassesList.swift; sourceTree = "<group>"; };
		F331439A245A86C300963061 /* PreviousClassesList.swift */ = {isa = PBXFileReference; lastKnownFileType = sourcecode.swift; path = PreviousClassesList.swift; sourceTree = "<group>"; };
		F331439C245A870700963061 /* ClassesList.swift */ = {isa = PBXFileReference; lastKnownFileType = sourcecode.swift; path = ClassesList.swift; sourceTree = "<group>"; };
		F340E9D724330ED6004AD480 /* OSU.app */ = {isa = PBXFileReference; explicitFileType = wrapper.application; includeInIndex = 0; path = OSU.app; sourceTree = BUILT_PRODUCTS_DIR; };
		F340E9DA24330ED6004AD480 /* AppDelegate.swift */ = {isa = PBXFileReference; lastKnownFileType = sourcecode.swift; path = AppDelegate.swift; sourceTree = "<group>"; };
		F340E9DC24330ED6004AD480 /* SceneDelegate.swift */ = {isa = PBXFileReference; lastKnownFileType = sourcecode.swift; path = SceneDelegate.swift; sourceTree = "<group>"; };
		F340E9DE24330ED6004AD480 /* ContentView.swift */ = {isa = PBXFileReference; lastKnownFileType = sourcecode.swift; path = ContentView.swift; sourceTree = "<group>"; };
		F340E9E024330ED7004AD480 /* Assets.xcassets */ = {isa = PBXFileReference; lastKnownFileType = folder.assetcatalog; path = Assets.xcassets; sourceTree = "<group>"; };
		F340E9E324330ED7004AD480 /* Preview Assets.xcassets */ = {isa = PBXFileReference; lastKnownFileType = folder.assetcatalog; path = "Preview Assets.xcassets"; sourceTree = "<group>"; };
		F340E9E624330ED7004AD480 /* Base */ = {isa = PBXFileReference; lastKnownFileType = file.storyboard; name = Base; path = Base.lproj/LaunchScreen.storyboard; sourceTree = "<group>"; };
		F340E9E824330ED7004AD480 /* Info.plist */ = {isa = PBXFileReference; lastKnownFileType = text.plist.xml; path = Info.plist; sourceTree = "<group>"; };
		F340E9F224332BEF004AD480 /* Login.swift */ = {isa = PBXFileReference; lastKnownFileType = sourcecode.swift; path = Login.swift; sourceTree = "<group>"; };
		F340E9F424333C0D004AD480 /* WelcomeScreen.swift */ = {isa = PBXFileReference; lastKnownFileType = sourcecode.swift; path = WelcomeScreen.swift; sourceTree = "<group>"; };
		F340E9F624333C50004AD480 /* Dashboard.swift */ = {isa = PBXFileReference; lastKnownFileType = sourcecode.swift; path = Dashboard.swift; sourceTree = "<group>"; };
		F340EA0324337172004AD480 /* DashboardIcon.swift */ = {isa = PBXFileReference; lastKnownFileType = sourcecode.swift; path = DashboardIcon.swift; sourceTree = "<group>"; };
		F36D46E02435F073000F6490 /* AcademicScroll.swift */ = {isa = PBXFileReference; lastKnownFileType = sourcecode.swift; path = AcademicScroll.swift; sourceTree = "<group>"; };
		F36D46E22435F197000F6490 /* ResourceScroll.swift */ = {isa = PBXFileReference; lastKnownFileType = sourcecode.swift; path = ResourceScroll.swift; sourceTree = "<group>"; };
		F36D46E42435F249000F6490 /* DashboardScrolls.swift */ = {isa = PBXFileReference; lastKnownFileType = sourcecode.swift; path = DashboardScrolls.swift; sourceTree = "<group>"; };
		F3CE5A6224463C4200A1967B /* SafariView.swift */ = {isa = PBXFileReference; lastKnownFileType = sourcecode.swift; path = SafariView.swift; sourceTree = "<group>"; };
		F3CE5A642446671D00A1967B /* ContactsView.swift */ = {isa = PBXFileReference; fileEncoding = 4; lastKnownFileType = sourcecode.swift; path = ContactsView.swift; sourceTree = "<group>"; };
		F3CE5A6B244667A200A1967B /* Contacts.swift */ = {isa = PBXFileReference; fileEncoding = 4; lastKnownFileType = sourcecode.swift; path = Contacts.swift; sourceTree = "<group>"; };
		F3CE5A6D244667D100A1967B /* Profile.swift */ = {isa = PBXFileReference; fileEncoding = 4; lastKnownFileType = sourcecode.swift; path = Profile.swift; sourceTree = "<group>"; };
/* End PBXFileReference section */

/* Begin PBXFrameworksBuildPhase section */
		F340E9D424330ED6004AD480 /* Frameworks */ = {
			isa = PBXFrameworksBuildPhase;
			buildActionMask = 2147483647;
			files = (
			);
			runOnlyForDeploymentPostprocessing = 0;
		};
/* End PBXFrameworksBuildPhase section */

/* Begin PBXGroup section */
		F32950B32458E2C200AD8AE1 /* WhatIfGrading */ = {
			isa = PBXGroup;
			children = (
				F32950B42458E2E200AD8AE1 /* NavigationBar.swift */,
				F32950B62458E71300AD8AE1 /* CurrentClassList.swift */,
			);
			path = WhatIfGrading;
			sourceTree = "<group>";
		};
		F3314397245A79B500963061 /* Classes */ = {
			isa = PBXGroup;
			children = (
				F32950B82458E73500AD8AE1 /* Classes.swift */,
				F3314398245A79D500963061 /* CurrentClassesList.swift */,
				F331439A245A86C300963061 /* PreviousClassesList.swift */,
				F331439C245A870700963061 /* ClassesList.swift */,
			);
			path = Classes;
			sourceTree = "<group>";
		};
		F340E9CE24330ED6004AD480 = {
			isa = PBXGroup;
			children = (
				F340E9D924330ED6004AD480 /* OSU */,
				F340E9D824330ED6004AD480 /* Products */,
			);
			sourceTree = "<group>";
		};
		F340E9D824330ED6004AD480 /* Products */ = {
			isa = PBXGroup;
			children = (
				F340E9D724330ED6004AD480 /* OSU.app */,
			);
			name = Products;
			sourceTree = "<group>";
		};
		F340E9D924330ED6004AD480 /* OSU */ = {
			isa = PBXGroup;
			children = (
				F36D46DA2435EE8E000F6490 /* Accessories */,
				F36D46D92435EE6D000F6490 /* Views */,
				F36D46DB2435EEA0000F6490 /* App Support */,
				F340E9E024330ED7004AD480 /* Assets.xcassets */,
				F340E9E524330ED7004AD480 /* LaunchScreen.storyboard */,
				F340E9E824330ED7004AD480 /* Info.plist */,
				F340E9E224330ED7004AD480 /* Preview Content */,
			);
			path = OSU;
			sourceTree = "<group>";
		};
		F340E9E224330ED7004AD480 /* Preview Content */ = {
			isa = PBXGroup;
			children = (
				F340E9E324330ED7004AD480 /* Preview Assets.xcassets */,
			);
			path = "Preview Content";
			sourceTree = "<group>";
		};
		F36D46D92435EE6D000F6490 /* Views */ = {
			isa = PBXGroup;
			children = (
				F340E9F624333C50004AD480 /* Dashboard.swift */,
				F3CE5A642446671D00A1967B /* ContactsView.swift */,
				F3CE5A6224463C4200A1967B /* SafariView.swift */,
				F340E9DE24330ED6004AD480 /* ContentView.swift */,
				F340E9F424333C0D004AD480 /* WelcomeScreen.swift */,
				F3253BCC24339B8300DBBC5F /* MapView.swift */,
				F32950AF2458C2FA00AD8AE1 /* CurrentView.swift */,
				F32950B12458D1D700AD8AE1 /* WhatIfGradingView.swift */,
				F32950BA2458E8F000AD8AE1 /* ClassesView.swift */,
			);
			path = Views;
			sourceTree = "<group>";
		};
		F36D46DA2435EE8E000F6490 /* Accessories */ = {
			isa = PBXGroup;
			children = (
				F3314397245A79B500963061 /* Classes */,
				F32950B32458E2C200AD8AE1 /* WhatIfGrading */,
				F3CE5A6A2446676F00A1967B /* Contacts */,
				F36D46DD2435EF5F000F6490 /* Welcome */,
				F36D46DC2435EF10000F6490 /* Dashboard */,
			);
			path = Accessories;
			sourceTree = "<group>";
		};
		F36D46DB2435EEA0000F6490 /* App Support */ = {
			isa = PBXGroup;
			children = (
				F340E9DC24330ED6004AD480 /* SceneDelegate.swift */,
				F340E9DA24330ED6004AD480 /* AppDelegate.swift */,
			);
			path = "App Support";
			sourceTree = "<group>";
		};
		F36D46DC2435EF10000F6490 /* Dashboard */ = {
			isa = PBXGroup;
			children = (
				F340EA0324337172004AD480 /* DashboardIcon.swift */,
				F36D46E02435F073000F6490 /* AcademicScroll.swift */,
				F36D46E22435F197000F6490 /* ResourceScroll.swift */,
				F3CE5A6D244667D100A1967B /* Profile.swift */,
				F36D46E42435F249000F6490 /* DashboardScrolls.swift */,
			);
			path = Dashboard;
			sourceTree = "<group>";
		};
		F36D46DD2435EF5F000F6490 /* Welcome */ = {
			isa = PBXGroup;
			children = (
				F340E9F224332BEF004AD480 /* Login.swift */,
			);
			path = Welcome;
			sourceTree = "<group>";
		};
		F3CE5A6A2446676F00A1967B /* Contacts */ = {
			isa = PBXGroup;
			children = (
				F3CE5A6B244667A200A1967B /* Contacts.swift */,
			);
			path = Contacts;
			sourceTree = "<group>";
		};
/* End PBXGroup section */

/* Begin PBXNativeTarget section */
		F340E9D624330ED6004AD480 /* OSU */ = {
			isa = PBXNativeTarget;
			buildConfigurationList = F340E9EB24330ED7004AD480 /* Build configuration list for PBXNativeTarget "OSU" */;
			buildPhases = (
				F340E9D324330ED6004AD480 /* Sources */,
				F340E9D424330ED6004AD480 /* Frameworks */,
				F340E9D524330ED6004AD480 /* Resources */,
			);
			buildRules = (
			);
			dependencies = (
			);
			name = OSU;
			productName = OSU;
			productReference = F340E9D724330ED6004AD480 /* OSU.app */;
			productType = "com.apple.product-type.application";
		};
/* End PBXNativeTarget section */

/* Begin PBXProject section */
		F340E9CF24330ED6004AD480 /* Project object */ = {
			isa = PBXProject;
			attributes = {
				LastSwiftUpdateCheck = 1130;
				LastUpgradeCheck = 1130;
				ORGANIZATIONNAME = "Gregory Maldonado";
				TargetAttributes = {
					F340E9D624330ED6004AD480 = {
						CreatedOnToolsVersion = 11.3.1;
					};
				};
			};
			buildConfigurationList = F340E9D224330ED6004AD480 /* Build configuration list for PBXProject "OSU" */;
			compatibilityVersion = "Xcode 9.3";
			developmentRegion = en;
			hasScannedForEncodings = 0;
			knownRegions = (
				en,
				Base,
			);
			mainGroup = F340E9CE24330ED6004AD480;
			productRefGroup = F340E9D824330ED6004AD480 /* Products */;
			projectDirPath = "";
			projectRoot = "";
			targets = (
				F340E9D624330ED6004AD480 /* OSU */,
			);
		};
/* End PBXProject section */

/* Begin PBXResourcesBuildPhase section */
		F340E9D524330ED6004AD480 /* Resources */ = {
			isa = PBXResourcesBuildPhase;
			buildActionMask = 2147483647;
			files = (
				F340E9E724330ED7004AD480 /* LaunchScreen.storyboard in Resources */,
				F340E9E424330ED7004AD480 /* Preview Assets.xcassets in Resources */,
				F340E9E124330ED7004AD480 /* Assets.xcassets in Resources */,
			);
			runOnlyForDeploymentPostprocessing = 0;
		};
/* End PBXResourcesBuildPhase section */

/* Begin PBXSourcesBuildPhase section */
		F340E9D324330ED6004AD480 /* Sources */ = {
			isa = PBXSourcesBuildPhase;
			buildActionMask = 2147483647;
			files = (
				F340E9DB24330ED6004AD480 /* AppDelegate.swift in Sources */,
				F3CE5A6324463C4200A1967B /* SafariView.swift in Sources */,
				F340E9DD24330ED6004AD480 /* SceneDelegate.swift in Sources */,
				F36D46E12435F073000F6490 /* AcademicScroll.swift in Sources */,
				F340E9F524333C0D004AD480 /* WelcomeScreen.swift in Sources */,
				F32950B52458E2E200AD8AE1 /* NavigationBar.swift in Sources */,
				F32950BB2458E8F000AD8AE1 /* ClassesView.swift in Sources */,
				F340E9DF24330ED6004AD480 /* ContentView.swift in Sources */,
				F3314399245A79D500963061 /* CurrentClassesList.swift in Sources */,
				F32950B22458D1D700AD8AE1 /* WhatIfGradingView.swift in Sources */,
				F331439B245A86C300963061 /* PreviousClassesList.swift in Sources */,
				F32950B72458E71300AD8AE1 /* CurrentClassList.swift in Sources */,
				F340E9F724333C50004AD480 /* Dashboard.swift in Sources */,
				F36D46E52435F249000F6490 /* DashboardScrolls.swift in Sources */,
				F331439D245A870700963061 /* ClassesList.swift in Sources */,
				F3CE5A6E244667D100A1967B /* Profile.swift in Sources */,
				F340E9F324332BEF004AD480 /* Login.swift in Sources */,
				F32950B02458C2FA00AD8AE1 /* CurrentView.swift in Sources */,
				F36D46E32435F197000F6490 /* ResourceScroll.swift in Sources */,
				F3253BCD24339B8300DBBC5F /* MapView.swift in Sources */,
				F340EA0424337172004AD480 /* DashboardIcon.swift in Sources */,
				F3CE5A652446671D00A1967B /* ContactsView.swift in Sources */,
				F32950B92458E73500AD8AE1 /* Classes.swift in Sources */,
				F3CE5A6C244667A200A1967B /* Contacts.swift in Sources */,
			);
			runOnlyForDeploymentPostprocessing = 0;
		};
/* End PBXSourcesBuildPhase section */

/* Begin PBXVariantGroup section */
		F340E9E524330ED7004AD480 /* LaunchScreen.storyboard */ = {
			isa = PBXVariantGroup;
			children = (
				F340E9E624330ED7004AD480 /* Base */,
			);
			name = LaunchScreen.storyboard;
			sourceTree = "<group>";
		};
/* End PBXVariantGroup section */

/* Begin XCBuildConfiguration section */
		F340E9E924330ED7004AD480 /* Debug */ = {
			isa = XCBuildConfiguration;
			buildSettings = {
				ALWAYS_SEARCH_USER_PATHS = NO;
				CLANG_ANALYZER_NONNULL = YES;
				CLANG_ANALYZER_NUMBER_OBJECT_CONVERSION = YES_AGGRESSIVE;
				CLANG_CXX_LANGUAGE_STANDARD = "gnu++14";
				CLANG_CXX_LIBRARY = "libc++";
				CLANG_ENABLE_MODULES = YES;
				CLANG_ENABLE_OBJC_ARC = YES;
				CLANG_ENABLE_OBJC_WEAK = YES;
				CLANG_WARN_BLOCK_CAPTURE_AUTORELEASING = YES;
				CLANG_WARN_BOOL_CONVERSION = YES;
				CLANG_WARN_COMMA = YES;
				CLANG_WARN_CONSTANT_CONVERSION = YES;
				CLANG_WARN_DEPRECATED_OBJC_IMPLEMENTATIONS = YES;
				CLANG_WARN_DIRECT_OBJC_ISA_USAGE = YES_ERROR;
				CLANG_WARN_DOCUMENTATION_COMMENTS = YES;
				CLANG_WARN_EMPTY_BODY = YES;
				CLANG_WARN_ENUM_CONVERSION = YES;
				CLANG_WARN_INFINITE_RECURSION = YES;
				CLANG_WARN_INT_CONVERSION = YES;
				CLANG_WARN_NON_LITERAL_NULL_CONVERSION = YES;
				CLANG_WARN_OBJC_IMPLICIT_RETAIN_SELF = YES;
				CLANG_WARN_OBJC_LITERAL_CONVERSION = YES;
				CLANG_WARN_OBJC_ROOT_CLASS = YES_ERROR;
				CLANG_WARN_RANGE_LOOP_ANALYSIS = YES;
				CLANG_WARN_STRICT_PROTOTYPES = YES;
				CLANG_WARN_SUSPICIOUS_MOVE = YES;
				CLANG_WARN_UNGUARDED_AVAILABILITY = YES_AGGRESSIVE;
				CLANG_WARN_UNREACHABLE_CODE = YES;
				CLANG_WARN__DUPLICATE_METHOD_MATCH = YES;
				COPY_PHASE_STRIP = NO;
				DEBUG_INFORMATION_FORMAT = dwarf;
				ENABLE_STRICT_OBJC_MSGSEND = YES;
				ENABLE_TESTABILITY = YES;
				GCC_C_LANGUAGE_STANDARD = gnu11;
				GCC_DYNAMIC_NO_PIC = NO;
				GCC_NO_COMMON_BLOCKS = YES;
				GCC_OPTIMIZATION_LEVEL = 0;
				GCC_PREPROCESSOR_DEFINITIONS = (
					"DEBUG=1",
					"$(inherited)",
				);
				GCC_WARN_64_TO_32_BIT_CONVERSION = YES;
				GCC_WARN_ABOUT_RETURN_TYPE = YES_ERROR;
				GCC_WARN_UNDECLARED_SELECTOR = YES;
				GCC_WARN_UNINITIALIZED_AUTOS = YES_AGGRESSIVE;
				GCC_WARN_UNUSED_FUNCTION = YES;
				GCC_WARN_UNUSED_VARIABLE = YES;
				IPHONEOS_DEPLOYMENT_TARGET = 13.2;
				MTL_ENABLE_DEBUG_INFO = INCLUDE_SOURCE;
				MTL_FAST_MATH = YES;
				ONLY_ACTIVE_ARCH = YES;
				SDKROOT = iphoneos;
				SWIFT_ACTIVE_COMPILATION_CONDITIONS = DEBUG;
				SWIFT_OPTIMIZATION_LEVEL = "-Onone";
			};
			name = Debug;
		};
		F340E9EA24330ED7004AD480 /* Release */ = {
			isa = XCBuildConfiguration;
			buildSettings = {
				ALWAYS_SEARCH_USER_PATHS = NO;
				CLANG_ANALYZER_NONNULL = YES;
				CLANG_ANALYZER_NUMBER_OBJECT_CONVERSION = YES_AGGRESSIVE;
				CLANG_CXX_LANGUAGE_STANDARD = "gnu++14";
				CLANG_CXX_LIBRARY = "libc++";
				CLANG_ENABLE_MODULES = YES;
				CLANG_ENABLE_OBJC_ARC = YES;
				CLANG_ENABLE_OBJC_WEAK = YES;
				CLANG_WARN_BLOCK_CAPTURE_AUTORELEASING = YES;
				CLANG_WARN_BOOL_CONVERSION = YES;
				CLANG_WARN_COMMA = YES;
				CLANG_WARN_CONSTANT_CONVERSION = YES;
				CLANG_WARN_DEPRECATED_OBJC_IMPLEMENTATIONS = YES;
				CLANG_WARN_DIRECT_OBJC_ISA_USAGE = YES_ERROR;
				CLANG_WARN_DOCUMENTATION_COMMENTS = YES;
				CLANG_WARN_EMPTY_BODY = YES;
				CLANG_WARN_ENUM_CONVERSION = YES;
				CLANG_WARN_INFINITE_RECURSION = YES;
				CLANG_WARN_INT_CONVERSION = YES;
				CLANG_WARN_NON_LITERAL_NULL_CONVERSION = YES;
				CLANG_WARN_OBJC_IMPLICIT_RETAIN_SELF = YES;
				CLANG_WARN_OBJC_LITERAL_CONVERSION = YES;
				CLANG_WARN_OBJC_ROOT_CLASS = YES_ERROR;
				CLANG_WARN_RANGE_LOOP_ANALYSIS = YES;
				CLANG_WARN_STRICT_PROTOTYPES = YES;
				CLANG_WARN_SUSPICIOUS_MOVE = YES;
				CLANG_WARN_UNGUARDED_AVAILABILITY = YES_AGGRESSIVE;
				CLANG_WARN_UNREACHABLE_CODE = YES;
				CLANG_WARN__DUPLICATE_METHOD_MATCH = YES;
				COPY_PHASE_STRIP = NO;
				DEBUG_INFORMATION_FORMAT = "dwarf-with-dsym";
				ENABLE_NS_ASSERTIONS = NO;
				ENABLE_STRICT_OBJC_MSGSEND = YES;
				GCC_C_LANGUAGE_STANDARD = gnu11;
				GCC_NO_COMMON_BLOCKS = YES;
				GCC_WARN_64_TO_32_BIT_CONVERSION = YES;
				GCC_WARN_ABOUT_RETURN_TYPE = YES_ERROR;
				GCC_WARN_UNDECLARED_SELECTOR = YES;
				GCC_WARN_UNINITIALIZED_AUTOS = YES_AGGRESSIVE;
				GCC_WARN_UNUSED_FUNCTION = YES;
				GCC_WARN_UNUSED_VARIABLE = YES;
				IPHONEOS_DEPLOYMENT_TARGET = 13.2;
				MTL_ENABLE_DEBUG_INFO = NO;
				MTL_FAST_MATH = YES;
				SDKROOT = iphoneos;
				SWIFT_COMPILATION_MODE = wholemodule;
				SWIFT_OPTIMIZATION_LEVEL = "-O";
				VALIDATE_PRODUCT = YES;
			};
			name = Release;
		};
		F340E9EC24330ED7004AD480 /* Debug */ = {
			isa = XCBuildConfiguration;
			buildSettings = {
				ASSETCATALOG_COMPILER_APPICON_NAME = AppIcon;
				CODE_SIGN_STYLE = Automatic;
				DEVELOPMENT_ASSET_PATHS = "\"OSU/Preview Content\"";
				DEVELOPMENT_TEAM = CR4V7US3T7;
				ENABLE_PREVIEWS = YES;
				INFOPLIST_FILE = OSU/Info.plist;
				LD_RUNPATH_SEARCH_PATHS = (
					"$(inherited)",
					"@executable_path/Frameworks",
				);
				PRODUCT_BUNDLE_IDENTIFIER = "Gregory-Maldonado.OSU";
				PRODUCT_NAME = "$(TARGET_NAME)";
				SWIFT_VERSION = 5.0;
				TARGETED_DEVICE_FAMILY = "1,2";
			};
			name = Debug;
		};
		F340E9ED24330ED7004AD480 /* Release */ = {
			isa = XCBuildConfiguration;
			buildSettings = {
				ASSETCATALOG_COMPILER_APPICON_NAME = AppIcon;
				CODE_SIGN_STYLE = Automatic;
				DEVELOPMENT_ASSET_PATHS = "\"OSU/Preview Content\"";
				DEVELOPMENT_TEAM = CR4V7US3T7;
				ENABLE_PREVIEWS = YES;
				INFOPLIST_FILE = OSU/Info.plist;
				LD_RUNPATH_SEARCH_PATHS = (
					"$(inherited)",
					"@executable_path/Frameworks",
				);
				PRODUCT_BUNDLE_IDENTIFIER = "Gregory-Maldonado.OSU";
				PRODUCT_NAME = "$(TARGET_NAME)";
				SWIFT_VERSION = 5.0;
				TARGETED_DEVICE_FAMILY = "1,2";
			};
			name = Release;
		};
/* End XCBuildConfiguration section */

/* Begin XCConfigurationList section */
		F340E9D224330ED6004AD480 /* Build configuration list for PBXProject "OSU" */ = {
			isa = XCConfigurationList;
			buildConfigurations = (
				F340E9E924330ED7004AD480 /* Debug */,
				F340E9EA24330ED7004AD480 /* Release */,
			);
			defaultConfigurationIsVisible = 0;
			defaultConfigurationName = Release;
		};
		F340E9EB24330ED7004AD480 /* Build configuration list for PBXNativeTarget "OSU" */ = {
			isa = XCConfigurationList;
			buildConfigurations = (
				F340E9EC24330ED7004AD480 /* Debug */,
				F340E9ED24330ED7004AD480 /* Release */,
			);
			defaultConfigurationIsVisible = 0;
			defaultConfigurationName = Release;
		};
/* End XCConfigurationList section */
	};
	rootObject = F340E9CF24330ED6004AD480 /* Project object */;
}
